
Microsoft Visual Studio Solution File, Format Version 12.00
# Visual Studio Version 16
VisualStudioVersion = 16.0.32106.194
MinimumVisualStudioVersion = 10.0.40219.1
Project("{FAE04EC0-301F-11D3-BF4B-00C04F79EFBC}") = "AppOrderWorker", "AppOrderWorker\AppOrderWorker.csproj", "{8552213F-CB8E-4718-A317-2D5F76BBC2BC}"
EndProject
Global
	GlobalSection(SolutionConfigurationPlatforms) = preSolution
		Debug|Any CPU = Debug|Any CPU
		Release|Any CPU = Release|Any CPU
	EndGlobalSection
	GlobalSection(ProjectConfigurationPlatforms) = postSolution
		{8552213F-CB8E-4718-A317-2D5F76BBC2BC}.Debug|Any CPU.ActiveCfg = Debug|Any CPU
		{8552213F-CB8E-4718-A317-2D5F76BBC2BC}.Debug|Any CPU.Build.0 = Debug|Any CPU
		{8552213F-CB8E-4718-A317-2D5F76BBC2BC}.Release|Any CPU.ActiveCfg = Release|Any CPU
		{8552213F-CB8E-4718-A317-2D5F76BBC2BC}.Release|Any CPU.Build.0 = Release|Any CPU
	EndGlobalSection
	GlobalSection(SolutionProperties) = preSolution
		HideSolutionNode = FALSE
	EndGlobalSection
	GlobalSection(ExtensibilityGlobals) = postSolution
		SolutionGuid = {F085AB6F-039B-4C5E-A911-8D6B07545CD5}
	EndGlobalSection
EndGlobal
